NeoBundleLock AutoClose d50ea9a887e14e1af43788beaa66144bbc745cb5
NeoBundleLock Command-T 3d640a8baa6d1934d2b5d5d0df059595413cdfaf
NeoBundleLock IndentAnything 42f224bf2490ab8fe746e8d76d981853a923e8d2
NeoBundleLock JavaScript-syntax e24f4aa35f7d8c18cef41bc4cc76f52db5327f80
NeoBundleLock Javascript-Indentation 3e5a6716e6e596df98b66b5f12d05d72ccc02358
NeoBundleLock Markdown 1aaa626022aac8fdf75cd62ac193f7304e160ea8
NeoBundleLock YankRing.vim a884f3a161fa3cd8c996eb53a3d1c68631f60c21
NeoBundleLock html5.vim a47aa2d274daf8675a2b20577b75d573f4c2dfc5
NeoBundleLock jellybeans.vim 0761708c890becd3e027551068e0ae272da003e0
NeoBundleLock neocomplcache d83bcbd0b142eb8de9d669ead26914cd7322a51c
NeoBundleLock neocomplcache-rsense 9b34d0016085ee0c254579bca151c3f0b632d37f
NeoBundleLock neosnippet 811176b29b1a60a164c9878f8dcbe4a680ee32e5
NeoBundleLock nerdcommenter 6549cfde45339bd4f711504196ff3e8b766ef5e6
NeoBundleLock nerdtree 3b98a7fcae8f9fff356907171f0406ff8cd28921
NeoBundleLock ruby-matchit c4d8079287fc8d804d2a92bcb66964d673666540
NeoBundleLock surround.vim ea46fd04abbb59c4d1c17145c7e90adb8d3702b4
NeoBundleLock vim-airline 6387268f13c513d8afeb98d0621bd3da8219dfc6
NeoBundleLock vim-coffee-script 827e4a38b07479433b619091469a7495a392df8a
NeoBundleLock vim-css3-syntax 73ba250fa1a55ed0f3725e20b4d8fcb23c1db7b8
NeoBundleLock vim-endwise f2b664d4d492e649558dae1c3fce68a11196d7cc
NeoBundleLock vim-fugitive 2c8461db084d205903a792a23163faa546f143c9
NeoBundleLock vim-haml 204e32721154766e03e99ff857bc798aa5b741dc
NeoBundleLock vim-rails 18b5806910df63d65206593cd2001807d01cd083
NeoBundleLock vimproc 98482672f888aec28ae3764e4432f7127ca8697b
